// !$*UTF8*$!
{
	archiveVersion = 1;
	classes = {
	};
	objectVersion = 50;
	objects = {

/* Begin PBXBuildFile section */
		AB24E25427434684004148B2 /* AppDelegate.swift in Sources */ = {isa = PBXBuildFile; fileRef = AB24E25327434684004148B2 /* AppDelegate.swift */; };
		AB24E25627434684004148B2 /* SceneDelegate.swift in Sources */ = {isa = PBXBuildFile; fileRef = AB24E25527434684004148B2 /* SceneDelegate.swift */; };
		AB24E25827434684004148B2 /* MainViewController.swift in Sources */ = {isa = PBXBuildFile; fileRef = AB24E25727434684004148B2 /* MainViewController.swift */; };
		AB24E25D27434685004148B2 /* Assets.xcassets in Resources */ = {isa = PBXBuildFile; fileRef = AB24E25C27434685004148B2 /* Assets.xcassets */; };
		AB24E26027434685004148B2 /* LaunchScreen.storyboard in Resources */ = {isa = PBXBuildFile; fileRef = AB24E25E27434685004148B2 /* LaunchScreen.storyboard */; };
		AB24E26F27434946004148B2 /* Constants.swift in Sources */ = {isa = PBXBuildFile; fileRef = AB24E26E27434946004148B2 /* Constants.swift */; };
		AB24E27127434965004148B2 /* APIManager.swift in Sources */ = {isa = PBXBuildFile; fileRef = AB24E27027434965004148B2 /* APIManager.swift */; };
		AB24E2742743499F004148B2 /* EndPoint.swift in Sources */ = {isa = PBXBuildFile; fileRef = AB24E2732743499F004148B2 /* EndPoint.swift */; };
		AB24E27627434BEF004148B2 /* APIError.swift in Sources */ = {isa = PBXBuildFile; fileRef = AB24E27527434BEF004148B2 /* APIError.swift */; };
		AB24E279274355F4004148B2 /* SplashViewController.swift in Sources */ = {isa = PBXBuildFile; fileRef = AB24E277274355F4004148B2 /* SplashViewController.swift */; };
		AB24E27A274355F4004148B2 /* SplashViewController.xib in Resources */ = {isa = PBXBuildFile; fileRef = AB24E278274355F4004148B2 /* SplashViewController.xib */; };
		AB24E27C2743567C004148B2 /* UIColor+.swift in Sources */ = {isa = PBXBuildFile; fileRef = AB24E27B2743567C004148B2 /* UIColor+.swift */; };
		AB24E27F27436047004148B2 /* ReusableView.swift in Sources */ = {isa = PBXBuildFile; fileRef = AB24E27E27436047004148B2 /* ReusableView.swift */; };
		AB24E281274360A9004148B2 /* ReusableView+.swift in Sources */ = {isa = PBXBuildFile; fileRef = AB24E280274360A9004148B2 /* ReusableView+.swift */; };
		AB24E2852743614B004148B2 /* SplashCollectionViewCell.swift in Sources */ = {isa = PBXBuildFile; fileRef = AB24E2832743614B004148B2 /* SplashCollectionViewCell.swift */; };
		AB24E2862743614B004148B2 /* SplashCollectionViewCell.xib in Resources */ = {isa = PBXBuildFile; fileRef = AB24E2842743614B004148B2 /* SplashCollectionViewCell.xib */; };
		AB24E288274363AF004148B2 /* SplashModel.swift in Sources */ = {isa = PBXBuildFile; fileRef = AB24E287274363AF004148B2 /* SplashModel.swift */; };
		AB24E28A2743640A004148B2 /* SplashModel+.swift in Sources */ = {isa = PBXBuildFile; fileRef = AB24E2892743640A004148B2 /* SplashModel+.swift */; };
		AB24E28C274365F2004148B2 /* UIView+.swift in Sources */ = {isa = PBXBuildFile; fileRef = AB24E28B274365F2004148B2 /* UIView+.swift */; };
		AB24E294274393B9004148B2 /* UIViewController+.swift in Sources */ = {isa = PBXBuildFile; fileRef = AB24E293274393B9004148B2 /* UIViewController+.swift */; };
		AB24E296274398A5004148B2 /* ChangeRootViewProtocol.swift in Sources */ = {isa = PBXBuildFile; fileRef = AB24E295274398A5004148B2 /* ChangeRootViewProtocol.swift */; };
		AB24E29827439956004148B2 /* RootViewController.swift in Sources */ = {isa = PBXBuildFile; fileRef = AB24E29727439956004148B2 /* RootViewController.swift */; };
		AB24E29D27439A72004148B2 /* LoginViewController.swift in Sources */ = {isa = PBXBuildFile; fileRef = AB24E29B27439A72004148B2 /* LoginViewController.swift */; };
		AB24E29E27439A72004148B2 /* LoginViewController.xib in Resources */ = {isa = PBXBuildFile; fileRef = AB24E29C27439A72004148B2 /* LoginViewController.xib */; };
		AB24E2A22743AA97004148B2 /* CustomTextField.swift in Sources */ = {isa = PBXBuildFile; fileRef = AB24E2A12743AA97004148B2 /* CustomTextField.swift */; };
		AB24E2A42743AAA8004148B2 /* CustomTextField.xib in Resources */ = {isa = PBXBuildFile; fileRef = AB24E2A32743AAA8004148B2 /* CustomTextField.xib */; };
/* End PBXBuildFile section */

/* Begin PBXFileReference section */
		AB24E25027434684004148B2 /* WeSports.app */ = {isa = PBXFileReference; explicitFileType = wrapper.application; includeInIndex = 0; path = WeSports.app; sourceTree = BUILT_PRODUCTS_DIR; };
		AB24E25327434684004148B2 /* AppDelegate.swift */ = {isa = PBXFileReference; lastKnownFileType = sourcecode.swift; path = AppDelegate.swift; sourceTree = "<group>"; };
		AB24E25527434684004148B2 /* SceneDelegate.swift */ = {isa = PBXFileReference; lastKnownFileType = sourcecode.swift; path = SceneDelegate.swift; sourceTree = "<group>"; };
		AB24E25727434684004148B2 /* MainViewController.swift */ = {isa = PBXFileReference; lastKnownFileType = sourcecode.swift; path = MainViewController.swift; sourceTree = "<group>"; };
		AB24E25C27434685004148B2 /* Assets.xcassets */ = {isa = PBXFileReference; lastKnownFileType = folder.assetcatalog; path = Assets.xcassets; sourceTree = "<group>"; };
		AB24E25F27434685004148B2 /* Base */ = {isa = PBXFileReference; lastKnownFileType = file.storyboard; name = Base; path = Base.lproj/LaunchScreen.storyboard; sourceTree = "<group>"; };
		AB24E26127434685004148B2 /* Info.plist */ = {isa = PBXFileReference; lastKnownFileType = text.plist.xml; path = Info.plist; sourceTree = "<group>"; };
		AB24E26E27434946004148B2 /* Constants.swift */ = {isa = PBXFileReference; lastKnownFileType = sourcecode.swift; path = Constants.swift; sourceTree = "<group>"; };
		AB24E27027434965004148B2 /* APIManager.swift */ = {isa = PBXFileReference; lastKnownFileType = sourcecode.swift; path = APIManager.swift; sourceTree = "<group>"; };
		AB24E2732743499F004148B2 /* EndPoint.swift */ = {isa = PBXFileReference; lastKnownFileType = sourcecode.swift; path = EndPoint.swift; sourceTree = "<group>"; };
		AB24E27527434BEF004148B2 /* APIError.swift */ = {isa = PBXFileReference; lastKnownFileType = sourcecode.swift; path = APIError.swift; sourceTree = "<group>"; };
		AB24E277274355F4004148B2 /* SplashViewController.swift */ = {isa = PBXFileReference; lastKnownFileType = sourcecode.swift; path = SplashViewController.swift; sourceTree = "<group>"; };
		AB24E278274355F4004148B2 /* SplashViewController.xib */ = {isa = PBXFileReference; lastKnownFileType = file.xib; path = SplashViewController.xib; sourceTree = "<group>"; };
		AB24E27B2743567C004148B2 /* UIColor+.swift */ = {isa = PBXFileReference; lastKnownFileType = sourcecode.swift; path = "UIColor+.swift"; sourceTree = "<group>"; };
		AB24E27E27436047004148B2 /* ReusableView.swift */ = {isa = PBXFileReference; lastKnownFileType = sourcecode.swift; path = ReusableView.swift; sourceTree = "<group>"; };
		AB24E280274360A9004148B2 /* ReusableView+.swift */ = {isa = PBXFileReference; lastKnownFileType = sourcecode.swift; path = "ReusableView+.swift"; sourceTree = "<group>"; };
		AB24E2832743614B004148B2 /* SplashCollectionViewCell.swift */ = {isa = PBXFileReference; lastKnownFileType = sourcecode.swift; path = SplashCollectionViewCell.swift; sourceTree = "<group>"; };
		AB24E2842743614B004148B2 /* SplashCollectionViewCell.xib */ = {isa = PBXFileReference; lastKnownFileType = file.xib; path = SplashCollectionViewCell.xib; sourceTree = "<group>"; };
		AB24E287274363AF004148B2 /* SplashModel.swift */ = {isa = PBXFileReference; lastKnownFileType = sourcecode.swift; path = SplashModel.swift; sourceTree = "<group>"; };
		AB24E2892743640A004148B2 /* SplashModel+.swift */ = {isa = PBXFileReference; lastKnownFileType = sourcecode.swift; path = "SplashModel+.swift"; sourceTree = "<group>"; };
		AB24E28B274365F2004148B2 /* UIView+.swift */ = {isa = PBXFileReference; lastKnownFileType = sourcecode.swift; path = "UIView+.swift"; sourceTree = "<group>"; };
		AB24E293274393B9004148B2 /* UIViewController+.swift */ = {isa = PBXFileReference; lastKnownFileType = sourcecode.swift; path = "UIViewController+.swift"; sourceTree = "<group>"; };
		AB24E295274398A5004148B2 /* ChangeRootViewProtocol.swift */ = {isa = PBXFileReference; lastKnownFileType = sourcecode.swift; path = ChangeRootViewProtocol.swift; sourceTree = "<group>"; };
		AB24E29727439956004148B2 /* RootViewController.swift */ = {isa = PBXFileReference; lastKnownFileType = sourcecode.swift; path = RootViewController.swift; sourceTree = "<group>"; };
		AB24E29B27439A72004148B2 /* LoginViewController.swift */ = {isa = PBXFileReference; lastKnownFileType = sourcecode.swift; path = LoginViewController.swift; sourceTree = "<group>"; };
		AB24E29C27439A72004148B2 /* LoginViewController.xib */ = {isa = PBXFileReference; lastKnownFileType = file.xib; path = LoginViewController.xib; sourceTree = "<group>"; };
		AB24E2A12743AA97004148B2 /* CustomTextField.swift */ = {isa = PBXFileReference; lastKnownFileType = sourcecode.swift; path = CustomTextField.swift; sourceTree = "<group>"; };
		AB24E2A32743AAA8004148B2 /* CustomTextField.xib */ = {isa = PBXFileReference; lastKnownFileType = file.xib; path = CustomTextField.xib; sourceTree = "<group>"; };
/* End PBXFileReference section */

/* Begin PBXFrameworksBuildPhase section */
		AB24E24D27434684004148B2 /* Frameworks */ = {
			isa = PBXFrameworksBuildPhase;
			buildActionMask = 2147483647;
			files = (
			);
			runOnlyForDeploymentPostprocessing = 0;
		};
/* End PBXFrameworksBuildPhase section */

/* Begin PBXGroup section */
		AB24E24727434684004148B2 = {
			isa = PBXGroup;
			children = (
				AB24E25227434684004148B2 /* WeSports */,
				AB24E25127434684004148B2 /* Products */,
			);
			sourceTree = "<group>";
		};
		AB24E25127434684004148B2 /* Products */ = {
			isa = PBXGroup;
			children = (
				AB24E25027434684004148B2 /* WeSports.app */,
			);
			name = Products;
			sourceTree = "<group>";
		};
		AB24E25227434684004148B2 /* WeSports */ = {
			isa = PBXGroup;
			children = (
				AB24E26727434752004148B2 /* Delegates */,
				AB24E26C2743477B004148B2 /* Protocol */,
				AB24E26B27434771004148B2 /* Extension */,
				AB24E26927434767004148B2 /* View */,
				AB24E26827434761004148B2 /* Model */,
				AB24E26A2743476C004148B2 /* Controller */,
				AB24E27D2743600C004148B2 /* Cells */,
				AB24E25C27434685004148B2 /* Assets.xcassets */,
				AB24E25E27434685004148B2 /* LaunchScreen.storyboard */,
				AB24E26127434685004148B2 /* Info.plist */,
			);
			path = WeSports;
			sourceTree = "<group>";
		};
		AB24E26727434752004148B2 /* Delegates */ = {
			isa = PBXGroup;
			children = (
				AB24E25327434684004148B2 /* AppDelegate.swift */,
				AB24E25527434684004148B2 /* SceneDelegate.swift */,
			);
			path = Delegates;
			sourceTree = "<group>";
		};
		AB24E26827434761004148B2 /* Model */ = {
			isa = PBXGroup;
			children = (
				AB24E29F27439E94004148B2 /* Enum */,
				AB24E26D27434920004148B2 /* APIServices */,
				AB24E287274363AF004148B2 /* SplashModel.swift */,
			);
			path = Model;
			sourceTree = "<group>";
		};
		AB24E26927434767004148B2 /* View */ = {
			isa = PBXGroup;
			children = (
				AB24E2A12743AA97004148B2 /* CustomTextField.swift */,
				AB24E2A32743AAA8004148B2 /* CustomTextField.xib */,
			);
			path = View;
			sourceTree = "<group>";
		};
		AB24E26A2743476C004148B2 /* Controller */ = {
			isa = PBXGroup;
			children = (
				AB24E29A27439A55004148B2 /* AuthScreen */,
				AB24E29927439A49004148B2 /* SplashScreen */,
				AB24E25727434684004148B2 /* MainViewController.swift */,
			);
			path = Controller;
			sourceTree = "<group>";
		};
		AB24E26B27434771004148B2 /* Extension */ = {
			isa = PBXGroup;
			children = (
				AB24E27B2743567C004148B2 /* UIColor+.swift */,
				AB24E280274360A9004148B2 /* ReusableView+.swift */,
				AB24E2892743640A004148B2 /* SplashModel+.swift */,
				AB24E28B274365F2004148B2 /* UIView+.swift */,
				AB24E293274393B9004148B2 /* UIViewController+.swift */,
			);
			path = Extension;
			sourceTree = "<group>";
		};
		AB24E26C2743477B004148B2 /* Protocol */ = {
			isa = PBXGroup;
			children = (
				AB24E27E27436047004148B2 /* ReusableView.swift */,
				AB24E295274398A5004148B2 /* ChangeRootViewProtocol.swift */,
			);
			path = Protocol;
			sourceTree = "<group>";
		};
		AB24E26D27434920004148B2 /* APIServices */ = {
			isa = PBXGroup;
			children = (
				AB24E26E27434946004148B2 /* Constants.swift */,
				AB24E27027434965004148B2 /* APIManager.swift */,
				AB24E2732743499F004148B2 /* EndPoint.swift */,
				AB24E27527434BEF004148B2 /* APIError.swift */,
			);
			path = APIServices;
			sourceTree = "<group>";
		};
		AB24E27D2743600C004148B2 /* Cells */ = {
			isa = PBXGroup;
			children = (
				AB24E2822743610A004148B2 /* CollectionViewCell */,
			);
			path = Cells;
			sourceTree = "<group>";
		};
		AB24E2822743610A004148B2 /* CollectionViewCell */ = {
			isa = PBXGroup;
			children = (
				AB24E2832743614B004148B2 /* SplashCollectionViewCell.swift */,
				AB24E2842743614B004148B2 /* SplashCollectionViewCell.xib */,
			);
			path = CollectionViewCell;
			sourceTree = "<group>";
		};
		AB24E29927439A49004148B2 /* SplashScreen */ = {
			isa = PBXGroup;
			children = (
				AB24E277274355F4004148B2 /* SplashViewController.swift */,
				AB24E278274355F4004148B2 /* SplashViewController.xib */,
			);
			path = SplashScreen;
			sourceTree = "<group>";
		};
		AB24E29A27439A55004148B2 /* AuthScreen */ = {
			isa = PBXGroup;
			children = (
				AB24E29B27439A72004148B2 /* LoginViewController.swift */,
				AB24E29C27439A72004148B2 /* LoginViewController.xib */,
			);
			path = AuthScreen;
			sourceTree = "<group>";
		};
		AB24E29F27439E94004148B2 /* Enum */ = {
			isa = PBXGroup;
			children = (
				AB24E29727439956004148B2 /* RootViewController.swift */,
			);
			path = Enum;
			sourceTree = "<group>";
		};
/* End PBXGroup section */

/* Begin PBXNativeTarget section */
		AB24E24F27434684004148B2 /* WeSports */ = {
			isa = PBXNativeTarget;
			buildConfigurationList = AB24E26427434685004148B2 /* Build configuration list for PBXNativeTarget "WeSports" */;
			buildPhases = (
				AB24E24C27434684004148B2 /* Sources */,
				AB24E24D27434684004148B2 /* Frameworks */,
				AB24E24E27434684004148B2 /* Resources */,
			);
			buildRules = (
			);
			dependencies = (
			);
			name = WeSports;
			productName = WeSports;
			productReference = AB24E25027434684004148B2 /* WeSports.app */;
			productType = "com.apple.product-type.application";
		};
/* End PBXNativeTarget section */

/* Begin PBXProject section */
		AB24E24827434684004148B2 /* Project object */ = {
			isa = PBXProject;
			attributes = {
				LastSwiftUpdateCheck = 1250;
				LastUpgradeCheck = 1250;
				TargetAttributes = {
					AB24E24F27434684004148B2 = {
						CreatedOnToolsVersion = 12.5.1;
					};
				};
			};
			buildConfigurationList = AB24E24B27434684004148B2 /* Build configuration list for PBXProject "WeSports" */;
			compatibilityVersion = "Xcode 9.3";
			developmentRegion = en;
			hasScannedForEncodings = 0;
			knownRegions = (
				en,
				Base,
			);
			mainGroup = AB24E24727434684004148B2;
			productRefGroup = AB24E25127434684004148B2 /* Products */;
			projectDirPath = "";
			projectRoot = "";
			targets = (
				AB24E24F27434684004148B2 /* WeSports */,
			);
		};
/* End PBXProject section */

/* Begin PBXResourcesBuildPhase section */
		AB24E24E27434684004148B2 /* Resources */ = {
			isa = PBXResourcesBuildPhase;
			buildActionMask = 2147483647;
			files = (
				AB24E29E27439A72004148B2 /* LoginViewController.xib in Resources */,
				AB24E26027434685004148B2 /* LaunchScreen.storyboard in Resources */,
				AB24E2A42743AAA8004148B2 /* CustomTextField.xib in Resources */,
				AB24E27A274355F4004148B2 /* SplashViewController.xib in Resources */,
				AB24E25D27434685004148B2 /* Assets.xcassets in Resources */,
				AB24E2862743614B004148B2 /* SplashCollectionViewCell.xib in Resources */,
			);
			runOnlyForDeploymentPostprocessing = 0;
		};
/* End PBXResourcesBuildPhase section */

/* Begin PBXSourcesBuildPhase section */
		AB24E24C27434684004148B2 /* Sources */ = {
			isa = PBXSourcesBuildPhase;
			buildActionMask = 2147483647;
			files = (
				AB24E2742743499F004148B2 /* EndPoint.swift in Sources */,
				AB24E28C274365F2004148B2 /* UIView+.swift in Sources */,
				AB24E29827439956004148B2 /* RootViewController.swift in Sources */,
				AB24E296274398A5004148B2 /* ChangeRootViewProtocol.swift in Sources */,
				AB24E2A22743AA97004148B2 /* CustomTextField.swift in Sources */,
				AB24E29D27439A72004148B2 /* LoginViewController.swift in Sources */,
				AB24E27F27436047004148B2 /* ReusableView.swift in Sources */,
				AB24E25827434684004148B2 /* MainViewController.swift in Sources */,
				AB24E25427434684004148B2 /* AppDelegate.swift in Sources */,
				AB24E28A2743640A004148B2 /* SplashModel+.swift in Sources */,
				AB24E27127434965004148B2 /* APIManager.swift in Sources */,
				AB24E25627434684004148B2 /* SceneDelegate.swift in Sources */,
				AB24E26F27434946004148B2 /* Constants.swift in Sources */,
				AB24E27627434BEF004148B2 /* APIError.swift in Sources */,
				AB24E294274393B9004148B2 /* UIViewController+.swift in Sources */,
				AB24E281274360A9004148B2 /* ReusableView+.swift in Sources */,
				AB24E279274355F4004148B2 /* SplashViewController.swift in Sources */,
				AB24E288274363AF004148B2 /* SplashModel.swift in Sources */,
				AB24E27C2743567C004148B2 /* UIColor+.swift in Sources */,
				AB24E2852743614B004148B2 /* SplashCollectionViewCell.swift in Sources */,
			);
			runOnlyForDeploymentPostprocessing = 0;
		};
/* End PBXSourcesBuildPhase section */

/* Begin PBXVariantGroup section */
		AB24E25E27434685004148B2 /* LaunchScreen.storyboard */ = {
			isa = PBXVariantGroup;
			children = (
				AB24E25F27434685004148B2 /* Base */,
			);
			name = LaunchScreen.storyboard;
			sourceTree = "<group>";
		};
/* End PBXVariantGroup section */

/* Begin XCBuildConfiguration section */
		AB24E26227434685004148B2 /* Debug */ = {
			isa = XCBuildConfiguration;
			buildSettings = {
				ALWAYS_SEARCH_USER_PATHS = NO;
				CLANG_ANALYZER_NONNULL = YES;
				CLANG_ANALYZER_NUMBER_OBJECT_CONVERSION = YES_AGGRESSIVE;
				CLANG_CXX_LANGUAGE_STANDARD = "gnu++14";
				CLANG_CXX_LIBRARY = "libc++";
				CLANG_ENABLE_MODULES = YES;
				CLANG_ENABLE_OBJC_ARC = YES;
				CLANG_ENABLE_OBJC_WEAK = YES;
				CLANG_WARN_BLOCK_CAPTURE_AUTORELEASING = YES;
				CLANG_WARN_BOOL_CONVERSION = YES;
				CLANG_WARN_COMMA = YES;
				CLANG_WARN_CONSTANT_CONVERSION = YES;
				CLANG_WARN_DEPRECATED_OBJC_IMPLEMENTATIONS = YES;
				CLANG_WARN_DIRECT_OBJC_ISA_USAGE = YES_ERROR;
				CLANG_WARN_DOCUMENTATION_COMMENTS = YES;
				CLANG_WARN_EMPTY_BODY = YES;
				CLANG_WARN_ENUM_CONVERSION = YES;
				CLANG_WARN_INFINITE_RECURSION = YES;
				CLANG_WARN_INT_CONVERSION = YES;
				CLANG_WARN_NON_LITERAL_NULL_CONVERSION = YES;
				CLANG_WARN_OBJC_IMPLICIT_RETAIN_SELF = YES;
				CLANG_WARN_OBJC_LITERAL_CONVERSION = YES;
				CLANG_WARN_OBJC_ROOT_CLASS = YES_ERROR;
				CLANG_WARN_QUOTED_INCLUDE_IN_FRAMEWORK_HEADER = YES;
				CLANG_WARN_RANGE_LOOP_ANALYSIS = YES;
				CLANG_WARN_STRICT_PROTOTYPES = YES;
				CLANG_WARN_SUSPICIOUS_MOVE = YES;
				CLANG_WARN_UNGUARDED_AVAILABILITY = YES_AGGRESSIVE;
				CLANG_WARN_UNREACHABLE_CODE = YES;
				CLANG_WARN__DUPLICATE_METHOD_MATCH = YES;
				COPY_PHASE_STRIP = NO;
				DEBUG_INFORMATION_FORMAT = dwarf;
				ENABLE_STRICT_OBJC_MSGSEND = YES;
				ENABLE_TESTABILITY = YES;
				GCC_C_LANGUAGE_STANDARD = gnu11;
				GCC_DYNAMIC_NO_PIC = NO;
				GCC_NO_COMMON_BLOCKS = YES;
				GCC_OPTIMIZATION_LEVEL = 0;
				GCC_PREPROCESSOR_DEFINITIONS = (
					"DEBUG=1",
					"$(inherited)",
				);
				GCC_WARN_64_TO_32_BIT_CONVERSION = YES;
				GCC_WARN_ABOUT_RETURN_TYPE = YES_ERROR;
				GCC_WARN_UNDECLARED_SELECTOR = YES;
				GCC_WARN_UNINITIALIZED_AUTOS = YES_AGGRESSIVE;
				GCC_WARN_UNUSED_FUNCTION = YES;
				GCC_WARN_UNUSED_VARIABLE = YES;
				IPHONEOS_DEPLOYMENT_TARGET = 14.5;
				MTL_ENABLE_DEBUG_INFO = INCLUDE_SOURCE;
				MTL_FAST_MATH = YES;
				ONLY_ACTIVE_ARCH = YES;
				SDKROOT = iphoneos;
				SWIFT_ACTIVE_COMPILATION_CONDITIONS = DEBUG;
				SWIFT_OPTIMIZATION_LEVEL = "-Onone";
			};
			name = Debug;
		};
		AB24E26327434685004148B2 /* Release */ = {
			isa = XCBuildConfiguration;
			buildSettings = {
				ALWAYS_SEARCH_USER_PATHS = NO;
				CLANG_ANALYZER_NONNULL = YES;
				CLANG_ANALYZER_NUMBER_OBJECT_CONVERSION = YES_AGGRESSIVE;
				CLANG_CXX_LANGUAGE_STANDARD = "gnu++14";
				CLANG_CXX_LIBRARY = "libc++";
				CLANG_ENABLE_MODULES = YES;
				CLANG_ENABLE_OBJC_ARC = YES;
				CLANG_ENABLE_OBJC_WEAK = YES;
				CLANG_WARN_BLOCK_CAPTURE_AUTORELEASING = YES;
				CLANG_WARN_BOOL_CONVERSION = YES;
				CLANG_WARN_COMMA = YES;
				CLANG_WARN_CONSTANT_CONVERSION = YES;
				CLANG_WARN_DEPRECATED_OBJC_IMPLEMENTATIONS = YES;
				CLANG_WARN_DIRECT_OBJC_ISA_USAGE = YES_ERROR;
				CLANG_WARN_DOCUMENTATION_COMMENTS = YES;
				CLANG_WARN_EMPTY_BODY = YES;
				CLANG_WARN_ENUM_CONVERSION = YES;
				CLANG_WARN_INFINITE_RECURSION = YES;
				CLANG_WARN_INT_CONVERSION = YES;
				CLANG_WARN_NON_LITERAL_NULL_CONVERSION = YES;
				CLANG_WARN_OBJC_IMPLICIT_RETAIN_SELF = YES;
				CLANG_WARN_OBJC_LITERAL_CONVERSION = YES;
				CLANG_WARN_OBJC_ROOT_CLASS = YES_ERROR;
				CLANG_WARN_QUOTED_INCLUDE_IN_FRAMEWORK_HEADER = YES;
				CLANG_WARN_RANGE_LOOP_ANALYSIS = YES;
				CLANG_WARN_STRICT_PROTOTYPES = YES;
				CLANG_WARN_SUSPICIOUS_MOVE = YES;
				CLANG_WARN_UNGUARDED_AVAILABILITY = YES_AGGRESSIVE;
				CLANG_WARN_UNREACHABLE_CODE = YES;
				CLANG_WARN__DUPLICATE_METHOD_MATCH = YES;
				COPY_PHASE_STRIP = NO;
				DEBUG_INFORMATION_FORMAT = "dwarf-with-dsym";
				ENABLE_NS_ASSERTIONS = NO;
				ENABLE_STRICT_OBJC_MSGSEND = YES;
				GCC_C_LANGUAGE_STANDARD = gnu11;
				GCC_NO_COMMON_BLOCKS = YES;
				GCC_WARN_64_TO_32_BIT_CONVERSION = YES;
				GCC_WARN_ABOUT_RETURN_TYPE = YES_ERROR;
				GCC_WARN_UNDECLARED_SELECTOR = YES;
				GCC_WARN_UNINITIALIZED_AUTOS = YES_AGGRESSIVE;
				GCC_WARN_UNUSED_FUNCTION = YES;
				GCC_WARN_UNUSED_VARIABLE = YES;
				IPHONEOS_DEPLOYMENT_TARGET = 14.5;
				MTL_ENABLE_DEBUG_INFO = NO;
				MTL_FAST_MATH = YES;
				SDKROOT = iphoneos;
				SWIFT_COMPILATION_MODE = wholemodule;
				SWIFT_OPTIMIZATION_LEVEL = "-O";
				VALIDATE_PRODUCT = YES;
			};
			name = Release;
		};
		AB24E26527434685004148B2 /* Debug */ = {
			isa = XCBuildConfiguration;
			buildSettings = {
				ASSETCATALOG_COMPILER_APPICON_NAME = AppIcon;
				ASSETCATALOG_COMPILER_GLOBAL_ACCENT_COLOR_NAME = AccentColor;
				CODE_SIGN_STYLE = Automatic;
				INFOPLIST_FILE = WeSports/Info.plist;
				LD_RUNPATH_SEARCH_PATHS = (
					"$(inherited)",
					"@executable_path/Frameworks",
				);
				PRODUCT_BUNDLE_IDENTIFIER = learning.basic.WeSports;
				PRODUCT_NAME = "$(TARGET_NAME)";
				SWIFT_VERSION = 5.0;
				TARGETED_DEVICE_FAMILY = "1,2";
			};
			name = Debug;
		};
		AB24E26627434685004148B2 /* Release */ = {
			isa = XCBuildConfiguration;
			buildSettings = {
				ASSETCATALOG_COMPILER_APPICON_NAME = AppIcon;
				ASSETCATALOG_COMPILER_GLOBAL_ACCENT_COLOR_NAME = AccentColor;
				CODE_SIGN_STYLE = Automatic;
				INFOPLIST_FILE = WeSports/Info.plist;
				LD_RUNPATH_SEARCH_PATHS = (
					"$(inherited)",
					"@executable_path/Frameworks",
				);
				PRODUCT_BUNDLE_IDENTIFIER = learning.basic.WeSports;
				PRODUCT_NAME = "$(TARGET_NAME)";
				SWIFT_VERSION = 5.0;
				TARGETED_DEVICE_FAMILY = "1,2";
			};
			name = Release;
		};
/* End XCBuildConfiguration section */

/* Begin XCConfigurationList section */
		AB24E24B27434684004148B2 /* Build configuration list for PBXProject "WeSports" */ = {
			isa = XCConfigurationList;
			buildConfigurations = (
				AB24E26227434685004148B2 /* Debug */,
				AB24E26327434685004148B2 /* Release */,
			);
			defaultConfigurationIsVisible = 0;
			defaultConfigurationName = Release;
		};
		AB24E26427434685004148B2 /* Build configuration list for PBXNativeTarget "WeSports" */ = {
			isa = XCConfigurationList;
			buildConfigurations = (
				AB24E26527434685004148B2 /* Debug */,
				AB24E26627434685004148B2 /* Release */,
			);
			defaultConfigurationIsVisible = 0;
			defaultConfigurationName = Release;
		};
/* End XCConfigurationList section */
	};
	rootObject = AB24E24827434684004148B2 /* Project object */;
}
